{
  "name": "mechbench-schema",
  "version": "0.1.0",
  "lockfileVersion": 3,
  "requires": true,
  "packages": {
    "": {
      "name": "mechbench-schema",
      "version": "0.1.0",
      "license": "MIT",
      "dependencies": {
        "cbor2": "^2.3.0"
      },
      "devDependencies": {
        "typescript": "^5.4.0"
      }
    },
    "node_modules/@cto.af/wtf8": {
      "version": "0.0.5",
      "resolved": "https://registry.npmjs.org/@cto.af/wtf8/-/wtf8-0.0.5.tgz",
      "integrity": "sha512-LfUFi+Vv4eDzj+XAtR89e3wwjXA/NZjUSwU5NhwbBrLecxPaBYFy3exCuc1j+D4UZeOVdqlsl8G7LmOt18V0tg==",
      "license": "MIT",
      "engines": {
        "node": ">=20"
      }
    },
    "node_modules/cbor2": {
      "version": "2.3.0",
      "resolved": "https://registry.npmjs.org/cbor2/-/cbor2-2.3.0.tgz",
      "integrity": "sha512-76WB3hq8BoaGkMkBVJ27fW5LJU+qqDLEpgRNCG/SYKhODWXpVPOTD4UcUto3IEzYLA52nsvbhb0wabhHDn3qXg==",
      "license": "MIT",
      "dependencies": {
        "@cto.af/wtf8": "0.0.5"
      },
      "engines": {
        "node": ">=20"
      }
    },
    "node_modules/typescript": {
      "version": "5.9.3",
      "resolved": "https://registry.npmjs.org/typescript/-/typescript-5.9.3.tgz",
      "integrity": "sha512-jl1vZzPDinLr9eUt3J/t7V6FgNEw9QjvBPdysz9KfQDD41fQrC2Y4vKQdiaUpFT4bXlb1RHhLpp8wtm6M5TgSw==",
      "dev": true,
      "license": "Apache-2.0",
      "bin": {
        "tsc": "bin/tsc",
        "tsserver": "bin/tsserver"
      },
      "engines": {
        "node": ">=14.17"
      }
    }
  }
}
